
Microsoft Visual Studio Solution File, Format Version 12.00
# Visual Studio Version 16
VisualStudioVersion = 16.0.29123.88
MinimumVisualStudioVersion = 10.0.40219.1
Project("{9A19103F-16F7-4668-BE54-9A1E7A4F7556}") = "TransactionDemo", "TransactionDemo\TransactionDemo.csproj", "{B3914CA1-4A07-45E0-A581-568698CDE684}"
EndProject
Project("{2150E333-8FDC-42A3-9474-1A3956D46DE8}") = "Transaction", "Transaction", "{D0D210C1-7E35-4228-8413-B8F15458A998}"
EndProject
Project("{9A19103F-16F7-4668-BE54-9A1E7A4F7556}") = "Transaction.API", "Transaction.API\Transaction.API.csproj", "{EDE93434-A3F4-454B-BC15-432244E0EEBE}"
EndProject
Project("{9A19103F-16F7-4668-BE54-9A1E7A4F7556}") = "Transaction.Domain", "Transaction.Domain\Transaction.Domain.csproj", "{57145DBF-8696-4977-B448-6C47E1804A86}"
EndProject
Project("{9A19103F-16F7-4668-BE54-9A1E7A4F7556}") = "Transaction.Infrastructure", "Transaction.Infrastructure\Transaction.Infrastructure.csproj", "{8B22CF09-B622-4D1E-898E-6DCEE29436F1}"
EndProject
Project("{2150E333-8FDC-42A3-9474-1A3956D46DE8}") = "RabbitMQEventBus", "RabbitMQEventBus", "{3FBAA40E-FCFF-47F5-95E7-23869D3FEB9E}"
EndProject
Project("{9A19103F-16F7-4668-BE54-9A1E7A4F7556}") = "DemoConsole", "DemoConsole\DemoConsole.csproj", "{BA9356AF-341E-4E24-B48D-47457E1AAEA7}"
EndProject
Project("{2150E333-8FDC-42A3-9474-1A3956D46DE8}") = "Test", "Test", "{23A4E9DA-89D2-4B2C-BD05-7632426BC0EE}"
EndProject
Project("{9A19103F-16F7-4668-BE54-9A1E7A4F7556}") = "RabbitMqUnitTest", "RabbitMqUnitTest\RabbitMqUnitTest.csproj", "{5848DAC2-9E2E-4484-85C8-69399C24EFD3}"
EndProject
Project("{9A19103F-16F7-4668-BE54-9A1E7A4F7556}") = "EventBusRabbitMQ", "C:\Users\NIDHI-0059\OneDrive\Desktop\Lalji\Project1\EventBusRabbitMQ\EventBusRabbitMQ.csproj", "{84F27615-29AA-4474-82ED-E3ACCB7C55A0}"
EndProject
Global
	GlobalSection(SolutionConfigurationPlatforms) = preSolution
		Debug|Any CPU = Debug|Any CPU
		Release|Any CPU = Release|Any CPU
	EndGlobalSection
	GlobalSection(ProjectConfigurationPlatforms) = postSolution
		{B3914CA1-4A07-45E0-A581-568698CDE684}.Debug|Any CPU.ActiveCfg = Debug|Any CPU
		{B3914CA1-4A07-45E0-A581-568698CDE684}.Debug|Any CPU.Build.0 = Debug|Any CPU
		{B3914CA1-4A07-45E0-A581-568698CDE684}.Release|Any CPU.ActiveCfg = Release|Any CPU
		{B3914CA1-4A07-45E0-A581-568698CDE684}.Release|Any CPU.Build.0 = Release|Any CPU
		{EDE93434-A3F4-454B-BC15-432244E0EEBE}.Debug|Any CPU.ActiveCfg = Debug|Any CPU
		{EDE93434-A3F4-454B-BC15-432244E0EEBE}.Debug|Any CPU.Build.0 = Debug|Any CPU
		{EDE93434-A3F4-454B-BC15-432244E0EEBE}.Release|Any CPU.ActiveCfg = Release|Any CPU
		{EDE93434-A3F4-454B-BC15-432244E0EEBE}.Release|Any CPU.Build.0 = Release|Any CPU
		{57145DBF-8696-4977-B448-6C47E1804A86}.Debug|Any CPU.ActiveCfg = Debug|Any CPU
		{57145DBF-8696-4977-B448-6C47E1804A86}.Debug|Any CPU.Build.0 = Debug|Any CPU
		{57145DBF-8696-4977-B448-6C47E1804A86}.Release|Any CPU.ActiveCfg = Release|Any CPU
		{57145DBF-8696-4977-B448-6C47E1804A86}.Release|Any CPU.Build.0 = Release|Any CPU
		{8B22CF09-B622-4D1E-898E-6DCEE29436F1}.Debug|Any CPU.ActiveCfg = Debug|Any CPU
		{8B22CF09-B622-4D1E-898E-6DCEE29436F1}.Debug|Any CPU.Build.0 = Debug|Any CPU
		{8B22CF09-B622-4D1E-898E-6DCEE29436F1}.Release|Any CPU.ActiveCfg = Release|Any CPU
		{8B22CF09-B622-4D1E-898E-6DCEE29436F1}.Release|Any CPU.Build.0 = Release|Any CPU
		{BA9356AF-341E-4E24-B48D-47457E1AAEA7}.Debug|Any CPU.ActiveCfg = Debug|Any CPU
		{BA9356AF-341E-4E24-B48D-47457E1AAEA7}.Debug|Any CPU.Build.0 = Debug|Any CPU
		{BA9356AF-341E-4E24-B48D-47457E1AAEA7}.Release|Any CPU.ActiveCfg = Release|Any CPU
		{BA9356AF-341E-4E24-B48D-47457E1AAEA7}.Release|Any CPU.Build.0 = Release|Any CPU
		{5848DAC2-9E2E-4484-85C8-69399C24EFD3}.Debug|Any CPU.ActiveCfg = Debug|Any CPU
		{5848DAC2-9E2E-4484-85C8-69399C24EFD3}.Debug|Any CPU.Build.0 = Debug|Any CPU
		{5848DAC2-9E2E-4484-85C8-69399C24EFD3}.Release|Any CPU.ActiveCfg = Release|Any CPU
		{5848DAC2-9E2E-4484-85C8-69399C24EFD3}.Release|Any CPU.Build.0 = Release|Any CPU
		{84F27615-29AA-4474-82ED-E3ACCB7C55A0}.Debug|Any CPU.ActiveCfg = Debug|Any CPU
		{84F27615-29AA-4474-82ED-E3ACCB7C55A0}.Debug|Any CPU.Build.0 = Debug|Any CPU
		{84F27615-29AA-4474-82ED-E3ACCB7C55A0}.Release|Any CPU.ActiveCfg = Release|Any CPU
		{84F27615-29AA-4474-82ED-E3ACCB7C55A0}.Release|Any CPU.Build.0 = Release|Any CPU
	EndGlobalSection
	GlobalSection(SolutionProperties) = preSolution
		HideSolutionNode = FALSE
	EndGlobalSection
	GlobalSection(NestedProjects) = preSolution
		{EDE93434-A3F4-454B-BC15-432244E0EEBE} = {D0D210C1-7E35-4228-8413-B8F15458A998}
		{57145DBF-8696-4977-B448-6C47E1804A86} = {D0D210C1-7E35-4228-8413-B8F15458A998}
		{8B22CF09-B622-4D1E-898E-6DCEE29436F1} = {D0D210C1-7E35-4228-8413-B8F15458A998}
		{3FBAA40E-FCFF-47F5-95E7-23869D3FEB9E} = {D0D210C1-7E35-4228-8413-B8F15458A998}
		{BA9356AF-341E-4E24-B48D-47457E1AAEA7} = {3FBAA40E-FCFF-47F5-95E7-23869D3FEB9E}
		{23A4E9DA-89D2-4B2C-BD05-7632426BC0EE} = {D0D210C1-7E35-4228-8413-B8F15458A998}
		{5848DAC2-9E2E-4484-85C8-69399C24EFD3} = {23A4E9DA-89D2-4B2C-BD05-7632426BC0EE}
		{84F27615-29AA-4474-82ED-E3ACCB7C55A0} = {3FBAA40E-FCFF-47F5-95E7-23869D3FEB9E}
	EndGlobalSection
	GlobalSection(ExtensibilityGlobals) = postSolution
		SolutionGuid = {1905FBB7-BE1F-4377-95E3-A815EBD27802}
	EndGlobalSection
EndGlobal
